
Microsoft Visual Studio Solution File, Format Version 12.00
# Visual Studio Version 16
VisualStudioVersion = 16.0.29306.81
MinimumVisualStudioVersion = 10.0.40219.1
Project("{9A19103F-16F7-4668-BE54-9A1E7A4F7556}") = "Prueba Seguros", "Prueba Seguros\Prueba Seguros.csproj", "{3D38EC7E-79D6-4203-843A-3EA7061B7C3A}"
EndProject
Global
	GlobalSection(SolutionConfigurationPlatforms) = preSolution
		Debug|Any CPU = Debug|Any CPU
		Release|Any CPU = Release|Any CPU
	EndGlobalSection
	GlobalSection(ProjectConfigurationPlatforms) = postSolution
		{3D38EC7E-79D6-4203-843A-3EA7061B7C3A}.Debug|Any CPU.ActiveCfg = Debug|Any CPU
		{3D38EC7E-79D6-4203-843A-3EA7061B7C3A}.Debug|Any CPU.Build.0 = Debug|Any CPU
		{3D38EC7E-79D6-4203-843A-3EA7061B7C3A}.Release|Any CPU.ActiveCfg = Release|Any CPU
		{3D38EC7E-79D6-4203-843A-3EA7061B7C3A}.Release|Any CPU.Build.0 = Release|Any CPU
	EndGlobalSection
	GlobalSection(SolutionProperties) = preSolution
		HideSolutionNode = FALSE
	EndGlobalSection
	GlobalSection(ExtensibilityGlobals) = postSolution
		SolutionGuid = {53C9988D-E551-4D69-950D-A3975DE44022}
	EndGlobalSection
EndGlobal
